
Microsoft Visual Studio Solution File, Format Version 12.00
# Visual Studio Version 17
VisualStudioVersion = 17.0.31912.275
MinimumVisualStudioVersion = 15.0.26124.0
Project("{2150E333-8FDC-42A3-9474-1A3956D46DE8}") = "database", "database", "{7326BD9E-1B71-4843-89C5-A144813D1380}"
	ProjectSection(SolutionItems) = preProject
		database\MyLibrary.sql = database\MyLibrary.sql
	EndProjectSection
EndProject
Project("{2150E333-8FDC-42A3-9474-1A3956D46DE8}") = "docs", "docs", "{2768E1BE-92FC-4E01-ACD9-CE1B9648DA73}"
	ProjectSection(SolutionItems) = preProject
		docs\Library.vsdx = docs\Library.vsdx
	EndProjectSection
EndProject
Project("{2150E333-8FDC-42A3-9474-1A3956D46DE8}") = "Solution Items", "Solution Items", "{9E37C07F-159C-4F4A-B912-21A77FC257E8}"
	ProjectSection(SolutionItems) = preProject
		.gitignore = .gitignore
		README.md = README.md
	EndProjectSection
EndProject
Project("{2150E333-8FDC-42A3-9474-1A3956D46DE8}") = "src", "src", "{64841B47-5E77-47D9-97A1-1A9BD7A7E2F2}"
EndProject
Project("{2150E333-8FDC-42A3-9474-1A3956D46DE8}") = "common", "common", "{B4311435-3845-44EA-A5FD-281947AE2053}"
EndProject
Project("{9A19103F-16F7-4668-BE54-9A1E7A4F7556}") = "MyLibrary.Common", "src\common\MyLibrary.Common\MyLibrary.Common.csproj", "{F84FCA85-95B1-4E44-905E-5316BE2B98A6}"
EndProject
Project("{9A19103F-16F7-4668-BE54-9A1E7A4F7556}") = "MyLibrary.Common.CL", "src\common\MyLibrary.Common.CL\MyLibrary.Common.CL.csproj", "{C62A0168-0909-4707-A443-E25DF0096DE8}"
EndProject
Project("{9A19103F-16F7-4668-BE54-9A1E7A4F7556}") = "MyLibrary.Common.DL", "src\common\MyLibrary.Common.DL\MyLibrary.Common.DL.csproj", "{25333C89-997E-453A-BE60-59245F8331ED}"
EndProject
Project("{9A19103F-16F7-4668-BE54-9A1E7A4F7556}") = "MyLibrary.Common.DLWithLinqToDataSet", "src\common\MyLibrary.Common.DLWithLinqToDataSet\MyLibrary.Common.DLWithLinqToDataSet.csproj", "{EE047296-6E6C-426C-91A8-878E03F31767}"
EndProject
Project("{9A19103F-16F7-4668-BE54-9A1E7A4F7556}") = "MyLibrary.Common.EF", "src\common\MyLibrary.Common.EF\MyLibrary.Common.EF.csproj", "{A8C93A7E-C919-4D8E-AFE3-80792206DEC7}"
EndProject
Project("{2150E333-8FDC-42A3-9474-1A3956D46DE8}") = "winforms", "winforms", "{F7DB07E6-36EC-4A6D-938C-BEE717ECF877}"
EndProject
Project("{9A19103F-16F7-4668-BE54-9A1E7A4F7556}") = "MyLibrary.WinForms.Common", "src\winforms\MyLibrary.WinForms.Common\MyLibrary.WinForms.Common.csproj", "{E2C23DE5-0ECD-4D1C-943C-2268D1054917}"
EndProject
Project("{9A19103F-16F7-4668-BE54-9A1E7A4F7556}") = "MyLibrary.WinForms.CL", "src\winforms\MyLibrary.WinForms.CL\MyLibrary.WinForms.CL.csproj", "{FBF66586-DEC8-4B77-9210-AD45E2926F19}"
EndProject
Project("{9A19103F-16F7-4668-BE54-9A1E7A4F7556}") = "MyLibrary.WinForms.DL", "src\winforms\MyLibrary.WinForms.DL\MyLibrary.WinForms.DL.csproj", "{BC2B3250-5457-4DA0-B72B-D49079FFD3C9}"
EndProject
Project("{9A19103F-16F7-4668-BE54-9A1E7A4F7556}") = "MyLibrary.WinForms.DLWithLinqToDataSet", "src\winforms\MyLibrary.WinForms.DLWithLinqToDataSet\MyLibrary.WinForms.DLWithLinqToDataSet.csproj", "{FE6D3AF8-F434-457D-898F-3BE8395ABB96}"
EndProject
Project("{9A19103F-16F7-4668-BE54-9A1E7A4F7556}") = "MyLibrary.WinForms.EF", "src\winforms\MyLibrary.WinForms.EF\MyLibrary.WinForms.EF.csproj", "{9F02A9EC-9E72-4C79-B594-2D85ED7AE750}"
EndProject
Project("{2150E333-8FDC-42A3-9474-1A3956D46DE8}") = "wpf", "wpf", "{67B09F0C-81E6-429B-AEE9-E564E274E02B}"
EndProject
Project("{9A19103F-16F7-4668-BE54-9A1E7A4F7556}") = "MyLibrary.Wpf.Common", "src\wpf\MyLibrary.Wpf.Common\MyLibrary.Wpf.Common.csproj", "{AA93ADB5-0E47-46E2-BD9E-0FFA5F7ECBD9}"
EndProject
Global
	GlobalSection(SolutionConfigurationPlatforms) = preSolution
		Debug|Any CPU = Debug|Any CPU
		Debug|x64 = Debug|x64
		Debug|x86 = Debug|x86
		Release|Any CPU = Release|Any CPU
		Release|x64 = Release|x64
		Release|x86 = Release|x86
	EndGlobalSection
	GlobalSection(ProjectConfigurationPlatforms) = postSolution
		{F84FCA85-95B1-4E44-905E-5316BE2B98A6}.Debug|Any CPU.ActiveCfg = Debug|Any CPU
		{F84FCA85-95B1-4E44-905E-5316BE2B98A6}.Debug|Any CPU.Build.0 = Debug|Any CPU
		{F84FCA85-95B1-4E44-905E-5316BE2B98A6}.Debug|x64.ActiveCfg = Debug|Any CPU
		{F84FCA85-95B1-4E44-905E-5316BE2B98A6}.Debug|x64.Build.0 = Debug|Any CPU
		{F84FCA85-95B1-4E44-905E-5316BE2B98A6}.Debug|x86.ActiveCfg = Debug|Any CPU
		{F84FCA85-95B1-4E44-905E-5316BE2B98A6}.Debug|x86.Build.0 = Debug|Any CPU
		{F84FCA85-95B1-4E44-905E-5316BE2B98A6}.Release|Any CPU.ActiveCfg = Release|Any CPU
		{F84FCA85-95B1-4E44-905E-5316BE2B98A6}.Release|Any CPU.Build.0 = Release|Any CPU
		{F84FCA85-95B1-4E44-905E-5316BE2B98A6}.Release|x64.ActiveCfg = Release|Any CPU
		{F84FCA85-95B1-4E44-905E-5316BE2B98A6}.Release|x64.Build.0 = Release|Any CPU
		{F84FCA85-95B1-4E44-905E-5316BE2B98A6}.Release|x86.ActiveCfg = Release|Any CPU
		{F84FCA85-95B1-4E44-905E-5316BE2B98A6}.Release|x86.Build.0 = Release|Any CPU
		{C62A0168-0909-4707-A443-E25DF0096DE8}.Debug|Any CPU.ActiveCfg = Debug|Any CPU
		{C62A0168-0909-4707-A443-E25DF0096DE8}.Debug|Any CPU.Build.0 = Debug|Any CPU
		{C62A0168-0909-4707-A443-E25DF0096DE8}.Debug|x64.ActiveCfg = Debug|Any CPU
		{C62A0168-0909-4707-A443-E25DF0096DE8}.Debug|x64.Build.0 = Debug|Any CPU
		{C62A0168-0909-4707-A443-E25DF0096DE8}.Debug|x86.ActiveCfg = Debug|Any CPU
		{C62A0168-0909-4707-A443-E25DF0096DE8}.Debug|x86.Build.0 = Debug|Any CPU
		{C62A0168-0909-4707-A443-E25DF0096DE8}.Release|Any CPU.ActiveCfg = Release|Any CPU
		{C62A0168-0909-4707-A443-E25DF0096DE8}.Release|Any CPU.Build.0 = Release|Any CPU
		{C62A0168-0909-4707-A443-E25DF0096DE8}.Release|x64.ActiveCfg = Release|Any CPU
		{C62A0168-0909-4707-A443-E25DF0096DE8}.Release|x64.Build.0 = Release|Any CPU
		{C62A0168-0909-4707-A443-E25DF0096DE8}.Release|x86.ActiveCfg = Release|Any CPU
		{C62A0168-0909-4707-A443-E25DF0096DE8}.Release|x86.Build.0 = Release|Any CPU
		{25333C89-997E-453A-BE60-59245F8331ED}.Debug|Any CPU.ActiveCfg = Debug|Any CPU
		{25333C89-997E-453A-BE60-59245F8331ED}.Debug|Any CPU.Build.0 = Debug|Any CPU
		{25333C89-997E-453A-BE60-59245F8331ED}.Debug|x64.ActiveCfg = Debug|Any CPU
		{25333C89-997E-453A-BE60-59245F8331ED}.Debug|x64.Build.0 = Debug|Any CPU
		{25333C89-997E-453A-BE60-59245F8331ED}.Debug|x86.ActiveCfg = Debug|Any CPU
		{25333C89-997E-453A-BE60-59245F8331ED}.Debug|x86.Build.0 = Debug|Any CPU
		{25333C89-997E-453A-BE60-59245F8331ED}.Release|Any CPU.ActiveCfg = Release|Any CPU
		{25333C89-997E-453A-BE60-59245F8331ED}.Release|Any CPU.Build.0 = Release|Any CPU
		{25333C89-997E-453A-BE60-59245F8331ED}.Release|x64.ActiveCfg = Release|Any CPU
		{25333C89-997E-453A-BE60-59245F8331ED}.Release|x64.Build.0 = Release|Any CPU
		{25333C89-997E-453A-BE60-59245F8331ED}.Release|x86.ActiveCfg = Release|Any CPU
		{25333C89-997E-453A-BE60-59245F8331ED}.Release|x86.Build.0 = Release|Any CPU
		{EE047296-6E6C-426C-91A8-878E03F31767}.Debug|Any CPU.ActiveCfg = Debug|Any CPU
		{EE047296-6E6C-426C-91A8-878E03F31767}.Debug|Any CPU.Build.0 = Debug|Any CPU
		{EE047296-6E6C-426C-91A8-878E03F31767}.Debug|x64.ActiveCfg = Debug|Any CPU
		{EE047296-6E6C-426C-91A8-878E03F31767}.Debug|x64.Build.0 = Debug|Any CPU
		{EE047296-6E6C-426C-91A8-878E03F31767}.Debug|x86.ActiveCfg = Debug|Any CPU
		{EE047296-6E6C-426C-91A8-878E03F31767}.Debug|x86.Build.0 = Debug|Any CPU
		{EE047296-6E6C-426C-91A8-878E03F31767}.Release|Any CPU.ActiveCfg = Release|Any CPU
		{EE047296-6E6C-426C-91A8-878E03F31767}.Release|Any CPU.Build.0 = Release|Any CPU
		{EE047296-6E6C-426C-91A8-878E03F31767}.Release|x64.ActiveCfg = Release|Any CPU
		{EE047296-6E6C-426C-91A8-878E03F31767}.Release|x64.Build.0 = Release|Any CPU
		{EE047296-6E6C-426C-91A8-878E03F31767}.Release|x86.ActiveCfg = Release|Any CPU
		{EE047296-6E6C-426C-91A8-878E03F31767}.Release|x86.Build.0 = Release|Any CPU
		{A8C93A7E-C919-4D8E-AFE3-80792206DEC7}.Debug|Any CPU.ActiveCfg = Debug|Any CPU
		{A8C93A7E-C919-4D8E-AFE3-80792206DEC7}.Debug|Any CPU.Build.0 = Debug|Any CPU
		{A8C93A7E-C919-4D8E-AFE3-80792206DEC7}.Debug|x64.ActiveCfg = Debug|Any CPU
		{A8C93A7E-C919-4D8E-AFE3-80792206DEC7}.Debug|x64.Build.0 = Debug|Any CPU
		{A8C93A7E-C919-4D8E-AFE3-80792206DEC7}.Debug|x86.ActiveCfg = Debug|Any CPU
		{A8C93A7E-C919-4D8E-AFE3-80792206DEC7}.Debug|x86.Build.0 = Debug|Any CPU
		{A8C93A7E-C919-4D8E-AFE3-80792206DEC7}.Release|Any CPU.ActiveCfg = Release|Any CPU
		{A8C93A7E-C919-4D8E-AFE3-80792206DEC7}.Release|Any CPU.Build.0 = Release|Any CPU
		{A8C93A7E-C919-4D8E-AFE3-80792206DEC7}.Release|x64.ActiveCfg = Release|Any CPU
		{A8C93A7E-C919-4D8E-AFE3-80792206DEC7}.Release|x64.Build.0 = Release|Any CPU
		{A8C93A7E-C919-4D8E-AFE3-80792206DEC7}.Release|x86.ActiveCfg = Release|Any CPU
		{A8C93A7E-C919-4D8E-AFE3-80792206DEC7}.Release|x86.Build.0 = Release|Any CPU
		{E2C23DE5-0ECD-4D1C-943C-2268D1054917}.Debug|Any CPU.ActiveCfg = Debug|Any CPU
		{E2C23DE5-0ECD-4D1C-943C-2268D1054917}.Debug|Any CPU.Build.0 = Debug|Any CPU
		{E2C23DE5-0ECD-4D1C-943C-2268D1054917}.Debug|x64.ActiveCfg = Debug|Any CPU
		{E2C23DE5-0ECD-4D1C-943C-2268D1054917}.Debug|x64.Build.0 = Debug|Any CPU
		{E2C23DE5-0ECD-4D1C-943C-2268D1054917}.Debug|x86.ActiveCfg = Debug|Any CPU
		{E2C23DE5-0ECD-4D1C-943C-2268D1054917}.Debug|x86.Build.0 = Debug|Any CPU
		{E2C23DE5-0ECD-4D1C-943C-2268D1054917}.Release|Any CPU.ActiveCfg = Release|Any CPU
		{E2C23DE5-0ECD-4D1C-943C-2268D1054917}.Release|Any CPU.Build.0 = Release|Any CPU
		{E2C23DE5-0ECD-4D1C-943C-2268D1054917}.Release|x64.ActiveCfg = Release|Any CPU
		{E2C23DE5-0ECD-4D1C-943C-2268D1054917}.Release|x64.Build.0 = Release|Any CPU
		{E2C23DE5-0ECD-4D1C-943C-2268D1054917}.Release|x86.ActiveCfg = Release|Any CPU
		{E2C23DE5-0ECD-4D1C-943C-2268D1054917}.Release|x86.Build.0 = Release|Any CPU
		{FBF66586-DEC8-4B77-9210-AD45E2926F19}.Debug|Any CPU.ActiveCfg = Debug|Any CPU
		{FBF66586-DEC8-4B77-9210-AD45E2926F19}.Debug|Any CPU.Build.0 = Debug|Any CPU
		{FBF66586-DEC8-4B77-9210-AD45E2926F19}.Debug|x64.ActiveCfg = Debug|Any CPU
		{FBF66586-DEC8-4B77-9210-AD45E2926F19}.Debug|x64.Build.0 = Debug|Any CPU
		{FBF66586-DEC8-4B77-9210-AD45E2926F19}.Debug|x86.ActiveCfg = Debug|Any CPU
		{FBF66586-DEC8-4B77-9210-AD45E2926F19}.Debug|x86.Build.0 = Debug|Any CPU
		{FBF66586-DEC8-4B77-9210-AD45E2926F19}.Release|Any CPU.ActiveCfg = Release|Any CPU
		{FBF66586-DEC8-4B77-9210-AD45E2926F19}.Release|Any CPU.Build.0 = Release|Any CPU
		{FBF66586-DEC8-4B77-9210-AD45E2926F19}.Release|x64.ActiveCfg = Release|Any CPU
		{FBF66586-DEC8-4B77-9210-AD45E2926F19}.Release|x64.Build.0 = Release|Any CPU
		{FBF66586-DEC8-4B77-9210-AD45E2926F19}.Release|x86.ActiveCfg = Release|Any CPU
		{FBF66586-DEC8-4B77-9210-AD45E2926F19}.Release|x86.Build.0 = Release|Any CPU
		{BC2B3250-5457-4DA0-B72B-D49079FFD3C9}.Debug|Any CPU.ActiveCfg = Debug|Any CPU
		{BC2B3250-5457-4DA0-B72B-D49079FFD3C9}.Debug|Any CPU.Build.0 = Debug|Any CPU
		{BC2B3250-5457-4DA0-B72B-D49079FFD3C9}.Debug|x64.ActiveCfg = Debug|Any CPU
		{BC2B3250-5457-4DA0-B72B-D49079FFD3C9}.Debug|x64.Build.0 = Debug|Any CPU
		{BC2B3250-5457-4DA0-B72B-D49079FFD3C9}.Debug|x86.ActiveCfg = Debug|Any CPU
		{BC2B3250-5457-4DA0-B72B-D49079FFD3C9}.Debug|x86.Build.0 = Debug|Any CPU
		{BC2B3250-5457-4DA0-B72B-D49079FFD3C9}.Release|Any CPU.ActiveCfg = Release|Any CPU
		{BC2B3250-5457-4DA0-B72B-D49079FFD3C9}.Release|Any CPU.Build.0 = Release|Any CPU
		{BC2B3250-5457-4DA0-B72B-D49079FFD3C9}.Release|x64.ActiveCfg = Release|Any CPU
		{BC2B3250-5457-4DA0-B72B-D49079FFD3C9}.Release|x64.Build.0 = Release|Any CPU
		{BC2B3250-5457-4DA0-B72B-D49079FFD3C9}.Release|x86.ActiveCfg = Release|Any CPU
		{BC2B3250-5457-4DA0-B72B-D49079FFD3C9}.Release|x86.Build.0 = Release|Any CPU
		{FE6D3AF8-F434-457D-898F-3BE8395ABB96}.Debug|Any CPU.ActiveCfg = Debug|Any CPU
		{FE6D3AF8-F434-457D-898F-3BE8395ABB96}.Debug|Any CPU.Build.0 = Debug|Any CPU
		{FE6D3AF8-F434-457D-898F-3BE8395ABB96}.Debug|x64.ActiveCfg = Debug|Any CPU
		{FE6D3AF8-F434-457D-898F-3BE8395ABB96}.Debug|x64.Build.0 = Debug|Any CPU
		{FE6D3AF8-F434-457D-898F-3BE8395ABB96}.Debug|x86.ActiveCfg = Debug|Any CPU
		{FE6D3AF8-F434-457D-898F-3BE8395ABB96}.Debug|x86.Build.0 = Debug|Any CPU
		{FE6D3AF8-F434-457D-898F-3BE8395ABB96}.Release|Any CPU.ActiveCfg = Release|Any CPU
		{FE6D3AF8-F434-457D-898F-3BE8395ABB96}.Release|Any CPU.Build.0 = Release|Any CPU
		{FE6D3AF8-F434-457D-898F-3BE8395ABB96}.Release|x64.ActiveCfg = Release|Any CPU
		{FE6D3AF8-F434-457D-898F-3BE8395ABB96}.Release|x64.Build.0 = Release|Any CPU
		{FE6D3AF8-F434-457D-898F-3BE8395ABB96}.Release|x86.ActiveCfg = Release|Any CPU
		{FE6D3AF8-F434-457D-898F-3BE8395ABB96}.Release|x86.Build.0 = Release|Any CPU
		{9F02A9EC-9E72-4C79-B594-2D85ED7AE750}.Debug|Any CPU.ActiveCfg = Debug|Any CPU
		{9F02A9EC-9E72-4C79-B594-2D85ED7AE750}.Debug|Any CPU.Build.0 = Debug|Any CPU
		{9F02A9EC-9E72-4C79-B594-2D85ED7AE750}.Debug|x64.ActiveCfg = Debug|Any CPU
		{9F02A9EC-9E72-4C79-B594-2D85ED7AE750}.Debug|x64.Build.0 = Debug|Any CPU
		{9F02A9EC-9E72-4C79-B594-2D85ED7AE750}.Debug|x86.ActiveCfg = Debug|Any CPU
		{9F02A9EC-9E72-4C79-B594-2D85ED7AE750}.Debug|x86.Build.0 = Debug|Any CPU
		{9F02A9EC-9E72-4C79-B594-2D85ED7AE750}.Release|Any CPU.ActiveCfg = Release|Any CPU
		{9F02A9EC-9E72-4C79-B594-2D85ED7AE750}.Release|Any CPU.Build.0 = Release|Any CPU
		{9F02A9EC-9E72-4C79-B594-2D85ED7AE750}.Release|x64.ActiveCfg = Release|Any CPU
		{9F02A9EC-9E72-4C79-B594-2D85ED7AE750}.Release|x64.Build.0 = Release|Any CPU
		{9F02A9EC-9E72-4C79-B594-2D85ED7AE750}.Release|x86.ActiveCfg = Release|Any CPU
		{9F02A9EC-9E72-4C79-B594-2D85ED7AE750}.Release|x86.Build.0 = Release|Any CPU
		{AA93ADB5-0E47-46E2-BD9E-0FFA5F7ECBD9}.Debug|Any CPU.ActiveCfg = Debug|Any CPU
		{AA93ADB5-0E47-46E2-BD9E-0FFA5F7ECBD9}.Debug|Any CPU.Build.0 = Debug|Any CPU
		{AA93ADB5-0E47-46E2-BD9E-0FFA5F7ECBD9}.Debug|x64.ActiveCfg = Debug|Any CPU
		{AA93ADB5-0E47-46E2-BD9E-0FFA5F7ECBD9}.Debug|x64.Build.0 = Debug|Any CPU
		{AA93ADB5-0E47-46E2-BD9E-0FFA5F7ECBD9}.Debug|x86.ActiveCfg = Debug|Any CPU
		{AA93ADB5-0E47-46E2-BD9E-0FFA5F7ECBD9}.Debug|x86.Build.0 = Debug|Any CPU
		{AA93ADB5-0E47-46E2-BD9E-0FFA5F7ECBD9}.Release|Any CPU.ActiveCfg = Release|Any CPU
		{AA93ADB5-0E47-46E2-BD9E-0FFA5F7ECBD9}.Release|Any CPU.Build.0 = Release|Any CPU
		{AA93ADB5-0E47-46E2-BD9E-0FFA5F7ECBD9}.Release|x64.ActiveCfg = Release|Any CPU
		{AA93ADB5-0E47-46E2-BD9E-0FFA5F7ECBD9}.Release|x64.Build.0 = Release|Any CPU
		{AA93ADB5-0E47-46E2-BD9E-0FFA5F7ECBD9}.Release|x86.ActiveCfg = Release|Any CPU
		{AA93ADB5-0E47-46E2-BD9E-0FFA5F7ECBD9}.Release|x86.Build.0 = Release|Any CPU
	EndGlobalSection
	GlobalSection(SolutionProperties) = preSolution
		HideSolutionNode = FALSE
	EndGlobalSection
	GlobalSection(NestedProjects) = preSolution
		{F84FCA85-95B1-4E44-905E-5316BE2B98A6} = {B4311435-3845-44EA-A5FD-281947AE2053}
		{C62A0168-0909-4707-A443-E25DF0096DE8} = {B4311435-3845-44EA-A5FD-281947AE2053}
		{25333C89-997E-453A-BE60-59245F8331ED} = {B4311435-3845-44EA-A5FD-281947AE2053}
		{EE047296-6E6C-426C-91A8-878E03F31767} = {B4311435-3845-44EA-A5FD-281947AE2053}
		{A8C93A7E-C919-4D8E-AFE3-80792206DEC7} = {B4311435-3845-44EA-A5FD-281947AE2053}
		{E2C23DE5-0ECD-4D1C-943C-2268D1054917} = {F7DB07E6-36EC-4A6D-938C-BEE717ECF877}
		{FBF66586-DEC8-4B77-9210-AD45E2926F19} = {F7DB07E6-36EC-4A6D-938C-BEE717ECF877}
		{BC2B3250-5457-4DA0-B72B-D49079FFD3C9} = {F7DB07E6-36EC-4A6D-938C-BEE717ECF877}
		{FE6D3AF8-F434-457D-898F-3BE8395ABB96} = {F7DB07E6-36EC-4A6D-938C-BEE717ECF877}
		{9F02A9EC-9E72-4C79-B594-2D85ED7AE750} = {F7DB07E6-36EC-4A6D-938C-BEE717ECF877}
		{AA93ADB5-0E47-46E2-BD9E-0FFA5F7ECBD9} = {67B09F0C-81E6-429B-AEE9-E564E274E02B}
		{B4311435-3845-44EA-A5FD-281947AE2053} = {64841B47-5E77-47D9-97A1-1A9BD7A7E2F2}
		{F7DB07E6-36EC-4A6D-938C-BEE717ECF877} = {64841B47-5E77-47D9-97A1-1A9BD7A7E2F2}
		{67B09F0C-81E6-429B-AEE9-E564E274E02B} = {64841B47-5E77-47D9-97A1-1A9BD7A7E2F2}
	EndGlobalSection
	GlobalSection(ExtensibilityGlobals) = postSolution
		SolutionGuid = {70408353-2B70-481A-9D8C-D1D00ECDE6FC}
	EndGlobalSection
EndGlobal
